
Microsoft Visual Studio Solution File, Format Version 12.00
# Visual Studio Version 16
VisualStudioVersion = 16.0.30804.86
MinimumVisualStudioVersion = 15.0.26124.0
Project("{9A19103F-16F7-4668-BE54-9A1E7A4F7556}") = "GameEngine", "src\GameEngine\GameEngine.csproj", "{9B90F2F8-DF7F-4434-B2A1-21410850B8E6}"
EndProject
Project("{9A19103F-16F7-4668-BE54-9A1E7A4F7556}") = "GameEngine.Tests", "tests\GameEngine.Tests\GameEngine.Tests.csproj", "{20476266-2121-4E3C-9A0A-941FEDD591EA}"
EndProject
Global
	GlobalSection(SolutionConfigurationPlatforms) = preSolution
		Debug|x64 = Debug|x64
		Release|x64 = Release|x64
	EndGlobalSection
	GlobalSection(ProjectConfigurationPlatforms) = postSolution
		{9B90F2F8-DF7F-4434-B2A1-21410850B8E6}.Debug|x64.ActiveCfg = Debug|x64
		{9B90F2F8-DF7F-4434-B2A1-21410850B8E6}.Debug|x64.Build.0 = Debug|x64
		{9B90F2F8-DF7F-4434-B2A1-21410850B8E6}.Release|x64.ActiveCfg = Release|x64
		{9B90F2F8-DF7F-4434-B2A1-21410850B8E6}.Release|x64.Build.0 = Release|x64
		{20476266-2121-4E3C-9A0A-941FEDD591EA}.Debug|x64.ActiveCfg = Debug|x64
		{20476266-2121-4E3C-9A0A-941FEDD591EA}.Debug|x64.Build.0 = Debug|x64
		{20476266-2121-4E3C-9A0A-941FEDD591EA}.Release|x64.ActiveCfg = Release|x64
		{20476266-2121-4E3C-9A0A-941FEDD591EA}.Release|x64.Build.0 = Release|x64
	EndGlobalSection
	GlobalSection(SolutionProperties) = preSolution
		HideSolutionNode = FALSE
	EndGlobalSection
	GlobalSection(ExtensibilityGlobals) = postSolution
		SolutionGuid = {45D25DF4-5EB0-4879-93EE-D9F0F650FFC9}
	EndGlobalSection
EndGlobal
